
Microsoft Visual Studio Solution File, Format Version 12.00
# Visual Studio Version 17
VisualStudioVersion = 17.2.32616.157
MinimumVisualStudioVersion = 10.0.40219.1
Project("{9A19103F-16F7-4668-BE54-9A1E7A4F7556}") = "RabbitMQ.Publisher", "RabbitMQ.Publisher\RabbitMQ.Publisher.csproj", "{15D17ECD-D440-4D59-B6CF-1450FB2B2780}"
EndProject
Project("{9A19103F-16F7-4668-BE54-9A1E7A4F7556}") = "RabbitMQ.Subscriber", "RabbitMQ.Subscriber\RabbitMQ.Subscriber.csproj", "{E0CF17A7-E0F1-454D-B51A-FB4BDAD4AA63}"
EndProject
Project("{FAE04EC0-301F-11D3-BF4B-00C04F79EFBC}") = "Shared", "Shared\Shared.csproj", "{839F8D5A-C3B0-4F46-AE65-3745838CF50A}"
EndProject
Global
	GlobalSection(SolutionConfigurationPlatforms) = preSolution
		Debug|Any CPU = Debug|Any CPU
		Release|Any CPU = Release|Any CPU
	EndGlobalSection
	GlobalSection(ProjectConfigurationPlatforms) = postSolution
		{15D17ECD-D440-4D59-B6CF-1450FB2B2780}.Debug|Any CPU.ActiveCfg = Debug|Any CPU
		{15D17ECD-D440-4D59-B6CF-1450FB2B2780}.Debug|Any CPU.Build.0 = Debug|Any CPU
		{15D17ECD-D440-4D59-B6CF-1450FB2B2780}.Release|Any CPU.ActiveCfg = Release|Any CPU
		{15D17ECD-D440-4D59-B6CF-1450FB2B2780}.Release|Any CPU.Build.0 = Release|Any CPU
		{E0CF17A7-E0F1-454D-B51A-FB4BDAD4AA63}.Debug|Any CPU.ActiveCfg = Debug|Any CPU
		{E0CF17A7-E0F1-454D-B51A-FB4BDAD4AA63}.Debug|Any CPU.Build.0 = Debug|Any CPU
		{E0CF17A7-E0F1-454D-B51A-FB4BDAD4AA63}.Release|Any CPU.ActiveCfg = Release|Any CPU
		{E0CF17A7-E0F1-454D-B51A-FB4BDAD4AA63}.Release|Any CPU.Build.0 = Release|Any CPU
		{839F8D5A-C3B0-4F46-AE65-3745838CF50A}.Debug|Any CPU.ActiveCfg = Debug|Any CPU
		{839F8D5A-C3B0-4F46-AE65-3745838CF50A}.Debug|Any CPU.Build.0 = Debug|Any CPU
		{839F8D5A-C3B0-4F46-AE65-3745838CF50A}.Release|Any CPU.ActiveCfg = Release|Any CPU
		{839F8D5A-C3B0-4F46-AE65-3745838CF50A}.Release|Any CPU.Build.0 = Release|Any CPU
	EndGlobalSection
	GlobalSection(SolutionProperties) = preSolution
		HideSolutionNode = FALSE
	EndGlobalSection
	GlobalSection(ExtensibilityGlobals) = postSolution
		SolutionGuid = {F2188AA1-A8F6-45BA-A770-AE172B1714D8}
	EndGlobalSection
EndGlobal
